
Microsoft Visual Studio Solution File, Format Version 12.00
# Visual Studio Version 16
VisualStudioVersion = 16.0.31605.320
MinimumVisualStudioVersion = 10.0.40219.1
Project("{FAE04EC0-301F-11D3-BF4B-00C04F79EFBC}") = "Gateway", "Gateway\Gateway.csproj", "{6A723AD5-E361-43BC-8EA6-921CC5D22967}"
EndProject
Global
	GlobalSection(SolutionConfigurationPlatforms) = preSolution
		Debug|Any CPU = Debug|Any CPU
		Release|Any CPU = Release|Any CPU
	EndGlobalSection
	GlobalSection(ProjectConfigurationPlatforms) = postSolution
		{6A723AD5-E361-43BC-8EA6-921CC5D22967}.Debug|Any CPU.ActiveCfg = Debug|Any CPU
		{6A723AD5-E361-43BC-8EA6-921CC5D22967}.Debug|Any CPU.Build.0 = Debug|Any CPU
		{6A723AD5-E361-43BC-8EA6-921CC5D22967}.Release|Any CPU.ActiveCfg = Release|Any CPU
		{6A723AD5-E361-43BC-8EA6-921CC5D22967}.Release|Any CPU.Build.0 = Release|Any CPU
	EndGlobalSection
	GlobalSection(SolutionProperties) = preSolution
		HideSolutionNode = FALSE
	EndGlobalSection
	GlobalSection(ExtensibilityGlobals) = postSolution
		SolutionGuid = {837FCD22-1D71-4CC6-982D-089E2972DBAA}
	EndGlobalSection
EndGlobal
